Microsoft Visual Studio Solution File, Format Version 12.00
# Visual Studio Version 17
VisualStudioVersion = 17.5.2.0
MinimumVisualStudioVersion = 10.0.40219.1
Project("{FAE04EC0-301F-11D3-BF4B-00C04F79EFBC}") = "PlateUp", "PlateUp.csproj", "{DC241E12-2293-C727-F762-9B64826E29AA}"
EndProject
Global
	GlobalSection(SolutionConfigurationPlatforms) = preSolution
		Debug|Any CPU = Debug|Any CPU
		Release|Any CPU = Release|Any CPU
	EndGlobalSection
	GlobalSection(ProjectConfigurationPlatforms) = postSolution
		{DC241E12-2293-C727-F762-9B64826E29AA}.Debug|Any CPU.ActiveCfg = Debug|Any CPU
		{DC241E12-2293-C727-F762-9B64826E29AA}.Debug|Any CPU.Build.0 = Debug|Any CPU
		{DC241E12-2293-C727-F762-9B64826E29AA}.Release|Any CPU.ActiveCfg = Release|Any CPU
		{DC241E12-2293-C727-F762-9B64826E29AA}.Release|Any CPU.Build.0 = Release|Any CPU
	EndGlobalSection
	GlobalSection(SolutionProperties) = preSolution
		HideSolutionNode = FALSE
	EndGlobalSection
	GlobalSection(ExtensibilityGlobals) = postSolution
		SolutionGuid = {71EB6201-B068-4042-9608-0BDA842B1ED8}
	EndGlobalSection
EndGlobal
